// !$*UTF8*$!
{
	archiveVersion = 1;
	classes = {
	};
	objectVersion = 46;
	objects = {

/* Begin PBXBuildFile section */
		C7387B891A97E3DD0086EC94 /* Train.m in Sources */ = {isa = PBXBuildFile; fileRef = C7387B881A97E3DD0086EC94 /* Train.m */; };
		C7387B8D1A97E4F20086EC94 /* TrainTests.m in Sources */ = {isa = PBXBuildFile; fileRef = C7387B8C1A97E4F20086EC94 /* TrainTests.m */; };
		C7C4B8A51A8C22DD009FA11B /* SpriteKit.framework in Frameworks */ = {isa = PBXBuildFile; fileRef = C7C4B8A41A8C22DD009FA11B /* SpriteKit.framework */; };
		C7C4B8AA1A8C2C4F009FA11B /* _BaseTrackScene.m in Sources */ = {isa = PBXBuildFile; fileRef = C7C4B8A91A8C2C4F009FA11B /* _BaseTrackScene.m */; };
		C7C4B8AD1A8C2CBF009FA11B /* _BaseTrackTests.m in Sources */ = {isa = PBXBuildFile; fileRef = C7C4B8AC1A8C2CBF009FA11B /* _BaseTrackTests.m */; };
		C7D081821A8A312700DE5ECC /* AppDelegate.m in Sources */ = {isa = PBXBuildFile; fileRef = C7D081731A8A312700DE5ECC /* AppDelegate.m */; };
		C7D081861A8A312700DE5ECC /* GameViewController.m in Sources */ = {isa = PBXBuildFile; fileRef = C7D0817D1A8A312700DE5ECC /* GameViewController.m */; };
		C7D081871A8A312700DE5ECC /* Images.xcassets in Resources */ = {isa = PBXBuildFile; fileRef = C7D0817E1A8A312700DE5ECC /* Images.xcassets */; };
		C7D081881A8A312700DE5ECC /* main.m in Sources */ = {isa = PBXBuildFile; fileRef = C7D0817F1A8A312700DE5ECC /* main.m */; };
		C7D0818E1A8A315A00DE5ECC /* TheWriteTrackTests.m in Sources */ = {isa = PBXBuildFile; fileRef = C7D0818C1A8A315A00DE5ECC /* TheWriteTrackTests.m */; };
		C7D081901A8A31F000DE5ECC /* Default-568h@2x.png in Resources */ = {isa = PBXBuildFile; fileRef = C7D0818F1A8A31F000DE5ECC /* Default-568h@2x.png */; };
		C7D081921A8A322A00DE5ECC /* Info.plist in Resources */ = {isa = PBXBuildFile; fileRef = C7D081911A8A322A00DE5ECC /* Info.plist */; };
		C7D081CC1A8A35E200DE5ECC /* LaunchScreen.xib in Resources */ = {isa = PBXBuildFile; fileRef = C7D081CA1A8A35E200DE5ECC /* LaunchScreen.xib */; };
/* End PBXBuildFile section */

/* Begin PBXContainerItemProxy section */
		C7CED06F1A86B9DA00A4DCC3 /* PBXContainerItemProxy */ = {
			isa = PBXContainerItemProxy;
			containerPortal = C7CED0481A86B9DA00A4DCC3 /* Project object */;
			proxyType = 1;
			remoteGlobalIDString = C7CED04F1A86B9DA00A4DCC3;
			remoteInfo = "The Write Track";
		};
/* End PBXContainerItemProxy section */

/* Begin PBXFileReference section */
		C7387B871A97E3DD0086EC94 /* Train.h */ = {isa = PBXFileReference; fileEncoding = 4; lastKnownFileType = sourcecode.c.h; path = Train.h; sourceTree = SOURCE_ROOT; };
		C7387B881A97E3DD0086EC94 /* Train.m */ = {isa = PBXFileReference; fileEncoding = 4; lastKnownFileType = sourcecode.c.objc; path = Train.m; sourceTree = SOURCE_ROOT; };
		C7387B8C1A97E4F20086EC94 /* TrainTests.m */ = {isa = PBXFileReference; fileEncoding = 4; lastKnownFileType = sourcecode.c.objc; path = TrainTests.m; sourceTree = SOURCE_ROOT; };
		C7C4B8A41A8C22DD009FA11B /* SpriteKit.framework */ = {isa = PBXFileReference; lastKnownFileType = wrapper.framework; name = SpriteKit.framework; path = System/Library/Frameworks/SpriteKit.framework; sourceTree = SDKROOT; };
		C7C4B8A81A8C2C4F009FA11B /* _BaseTrackScene.h */ = {isa = PBXFileReference; fileEncoding = 4; lastKnownFileType = sourcecode.c.h; name = _BaseTrackScene.h; path = TheWriteTrack/_BaseTrackScene.h; sourceTree = SOURCE_ROOT; };
		C7C4B8A91A8C2C4F009FA11B /* _BaseTrackScene.m */ = {isa = PBXFileReference; fileEncoding = 4; lastKnownFileType = sourcecode.c.objc; name = _BaseTrackScene.m; path = TheWriteTrack/_BaseTrackScene.m; sourceTree = SOURCE_ROOT; };
		C7C4B8AC1A8C2CBF009FA11B /* _BaseTrackTests.m */ = {isa = PBXFileReference; fileEncoding = 4; lastKnownFileType = sourcecode.c.objc; name = _BaseTrackTests.m; path = "TheWriteTrack-Tests/_BaseTrackTests.m"; sourceTree = SOURCE_ROOT; };
		C7CED0501A86B9DA00A4DCC3 /* OnTheWriteTrack.app */ = {isa = PBXFileReference; explicitFileType = wrapper.application; includeInIndex = 0; path = OnTheWriteTrack.app; sourceTree = BUILT_PRODUCTS_DIR; };
		C7CED06E1A86B9DA00A4DCC3 /* OnTheWriteTrackTests.xctest */ = {isa = PBXFileReference; explicitFileType = wrapper.cfbundle; includeInIndex = 0; path = OnTheWriteTrackTests.xctest; sourceTree = BUILT_PRODUCTS_DIR; };
		C7D081731A8A312700DE5ECC /* AppDelegate.m */ = {isa = PBXFileReference; fileEncoding = 4; lastKnownFileType = sourcecode.c.objc; name = AppDelegate.m; path = TheWriteTrack/AppDelegate.m; sourceTree = SOURCE_ROOT; };
		C7D081791A8A312700DE5ECC /* AppDelegate.h */ = {isa = PBXFileReference; fileEncoding = 4; lastKnownFileType = sourcecode.c.h; name = AppDelegate.h; path = TheWriteTrack/AppDelegate.h; sourceTree = SOURCE_ROOT; };
		C7D0817C1A8A312700DE5ECC /* GameViewController.h */ = {isa = PBXFileReference; fileEncoding = 4; lastKnownFileType = sourcecode.c.h; name = GameViewController.h; path = TheWriteTrack/GameViewController.h; sourceTree = SOURCE_ROOT; };
		C7D0817D1A8A312700DE5ECC /* GameViewController.m */ = {isa = PBXFileReference; fileEncoding = 4; lastKnownFileType = sourcecode.c.objc; name = GameViewController.m; path = TheWriteTrack/GameViewController.m; sourceTree = SOURCE_ROOT; };
		C7D0817E1A8A312700DE5ECC /* Images.xcassets */ = {isa = PBXFileReference; lastKnownFileType = folder.assetcatalog; name = Images.xcassets; path = TheWriteTrack/Images.xcassets; sourceTree = SOURCE_ROOT; };
		C7D0817F1A8A312700DE5ECC /* main.m */ = {isa = PBXFileReference; fileEncoding = 4; lastKnownFileType = sourcecode.c.objc; name = main.m; path = TheWriteTrack/main.m; sourceTree = SOURCE_ROOT; };
		C7D0818B1A8A315A00DE5ECC /* Info.plist */ = {isa = PBXFileReference; fileEncoding = 4; lastKnownFileType = text.plist.xml; name = Info.plist; path = "TheWriteTrack-Tests/Info.plist"; sourceTree = SOURCE_ROOT; };
		C7D0818C1A8A315A00DE5ECC /* TheWriteTrackTests.m */ = {isa = PBXFileReference; fileEncoding = 4; lastKnownFileType = sourcecode.c.objc; name = TheWriteTrackTests.m; path = "TheWriteTrack-Tests/TheWriteTrackTests.m"; sourceTree = SOURCE_ROOT; };
		C7D0818F1A8A31F000DE5ECC /* Default-568h@2x.png */ = {isa = PBXFileReference; lastKnownFileType = image.png; path = "Default-568h@2x.png"; sourceTree = "<group>"; };
		C7D081911A8A322A00DE5ECC /* Info.plist */ = {isa = PBXFileReference; fileEncoding = 4; lastKnownFileType = text.plist.xml; name = Info.plist; path = TheWriteTrack/Info.plist; sourceTree = SOURCE_ROOT; };
		C7D081CA1A8A35E200DE5ECC /* LaunchScreen.xib */ = {isa = PBXFileReference; fileEncoding = 4; lastKnownFileType = file.xib; name = LaunchScreen.xib; path = TheWriteTrack/LaunchScreen.xib; sourceTree = SOURCE_ROOT; };
/* End PBXFileReference section */

/* Begin PBXFrameworksBuildPhase section */
		C7CED04D1A86B9DA00A4DCC3 /* Frameworks */ = {
			isa = PBXFrameworksBuildPhase;
			buildActionMask = 2147483647;
			files = (
				C7C4B8A51A8C22DD009FA11B /* SpriteKit.framework in Frameworks */,
			);
			runOnlyForDeploymentPostprocessing = 0;
		};
		C7CED06B1A86B9DA00A4DCC3 /* Frameworks */ = {
			isa = PBXFrameworksBuildPhase;
			buildActionMask = 2147483647;
			files = (
			);
			runOnlyForDeploymentPostprocessing = 0;
		};
/* End PBXFrameworksBuildPhase section */

/* Begin PBXGroup section */
		C7387B8A1A97E3FD0086EC94 /* Train */ = {
			isa = PBXGroup;
			children = (
				C7387B8C1A97E4F20086EC94 /* TrainTests.m */,
			);
			name = Train;
			sourceTree = "<group>";
		};
		C7387B8B1A97E4060086EC94 /* Train */ = {
			isa = PBXGroup;
			children = (
			);
			name = Train;
			sourceTree = "<group>";
		};
		C7C4B8A61A8C2494009FA11B /* Tracks */ = {
			isa = PBXGroup;
			children = (
				C7C4B8A81A8C2C4F009FA11B /* _BaseTrackScene.h */,
				C7C4B8A91A8C2C4F009FA11B /* _BaseTrackScene.m */,
			);
			name = Tracks;
			sourceTree = "<group>";
		};
		C7C4B8AB1A8C2C87009FA11B /* Track-Tests */ = {
			isa = PBXGroup;
			children = (
				C7C4B8AC1A8C2CBF009FA11B /* _BaseTrackTests.m */,
			);
			name = "Track-Tests";
			sourceTree = "<group>";
		};
		C7CED0471A86B9DA00A4DCC3 = {
			isa = PBXGroup;
			children = (
				C7C4B8A41A8C22DD009FA11B /* SpriteKit.framework */,
				C7D0818F1A8A31F000DE5ECC /* Default-568h@2x.png */,
				C7CED0521A86B9DA00A4DCC3 /* TheWriteTrack */,
				C7CED0711A86B9DA00A4DCC3 /* TheWriteTrack-Tests */,
				C7CED0511A86B9DA00A4DCC3 /* Products */,
			);
			sourceTree = "<group>";
		};
		C7CED0511A86B9DA00A4DCC3 /* Products */ = {
			isa = PBXGroup;
			children = (
				C7CED0501A86B9DA00A4DCC3 /* OnTheWriteTrack.app */,
				C7CED06E1A86B9DA00A4DCC3 /* OnTheWriteTrackTests.xctest */,
			);
			name = Products;
			sourceTree = "<group>";
		};
		C7CED0521A86B9DA00A4DCC3 /* TheWriteTrack */ = {
			isa = PBXGroup;
			children = (
				C7387B8B1A97E4060086EC94 /* Train */,
				C7D081791A8A312700DE5ECC /* AppDelegate.h */,
				C7D081731A8A312700DE5ECC /* AppDelegate.m */,
				C7D0817C1A8A312700DE5ECC /* GameViewController.h */,
				C7D0817D1A8A312700DE5ECC /* GameViewController.m */,
				C7D0817E1A8A312700DE5ECC /* Images.xcassets */,
				C7D081CA1A8A35E200DE5ECC /* LaunchScreen.xib */,
				C7CED0531A86B9DA00A4DCC3 /* Supporting Files */,
				C7C4B8A61A8C2494009FA11B /* Tracks */,
				C7387B871A97E3DD0086EC94 /* Train.h */,
				C7387B881A97E3DD0086EC94 /* Train.m */,
			);
			name = TheWriteTrack;
			path = "The Write Track";
			sourceTree = "<group>";
		};
		C7CED0531A86B9DA00A4DCC3 /* Supporting Files */ = {
			isa = PBXGroup;
			children = (
				C7D081911A8A322A00DE5ECC /* Info.plist */,
				C7D0817F1A8A312700DE5ECC /* main.m */,
			);
			name = "Supporting Files";
			sourceTree = "<group>";
		};
		C7CED0711A86B9DA00A4DCC3 /* TheWriteTrack-Tests */ = {
			isa = PBXGroup;
			children = (
				C7387B8A1A97E3FD0086EC94 /* Train */,
				C7C4B8AB1A8C2C87009FA11B /* Track-Tests */,
				C7D0818C1A8A315A00DE5ECC /* TheWriteTrackTests.m */,
				C7CED0721A86B9DA00A4DCC3 /* Supporting Files */,
			);
			name = "TheWriteTrack-Tests";
			path = "The Write TrackTests";
			sourceTree = "<group>";
		};
		C7CED0721A86B9DA00A4DCC3 /* Supporting Files */ = {
			isa = PBXGroup;
			children = (
				C7D0818B1A8A315A00DE5ECC /* Info.plist */,
			);
			name = "Supporting Files";
			sourceTree = "<group>";
		};
/* End PBXGroup section */

/* Begin PBXNativeTarget section */
		C7CED04F1A86B9DA00A4DCC3 /* OnTheWriteTrack */ = {
			isa = PBXNativeTarget;
			buildConfigurationList = C7CED0781A86B9DA00A4DCC3 /* Build configuration list for PBXNativeTarget "OnTheWriteTrack" */;
			buildPhases = (
				C7CED04C1A86B9DA00A4DCC3 /* Sources */,
				C7CED04D1A86B9DA00A4DCC3 /* Frameworks */,
				C7CED04E1A86B9DA00A4DCC3 /* Resources */,
			);
			buildRules = (
			);
			dependencies = (
			);
			name = OnTheWriteTrack;
			productName = "The Write Track";
			productReference = C7CED0501A86B9DA00A4DCC3 /* OnTheWriteTrack.app */;
			productType = "com.apple.product-type.application";
		};
		C7CED06D1A86B9DA00A4DCC3 /* OnTheWriteTrackTests */ = {
			isa = PBXNativeTarget;
			buildConfigurationList = C7CED07B1A86B9DA00A4DCC3 /* Build configuration list for PBXNativeTarget "OnTheWriteTrackTests" */;
			buildPhases = (
				C7CED06A1A86B9DA00A4DCC3 /* Sources */,
				C7CED06B1A86B9DA00A4DCC3 /* Frameworks */,
				C7CED06C1A86B9DA00A4DCC3 /* Resources */,
			);
			buildRules = (
			);
			dependencies = (
				C7CED0701A86B9DA00A4DCC3 /* PBXTargetDependency */,
			);
			name = OnTheWriteTrackTests;
			productName = "The Write TrackTests";
			productReference = C7CED06E1A86B9DA00A4DCC3 /* OnTheWriteTrackTests.xctest */;
			productType = "com.apple.product-type.bundle.unit-test";
		};
/* End PBXNativeTarget section */

/* Begin PBXProject section */
		C7CED0481A86B9DA00A4DCC3 /* Project object */ = {
			isa = PBXProject;
			attributes = {
				LastUpgradeCheck = 0610;
				ORGANIZATIONNAME = "Mitch Clutter";
				TargetAttributes = {
					C7CED04F1A86B9DA00A4DCC3 = {
						CreatedOnToolsVersion = 6.1.1;
					};
					C7CED06D1A86B9DA00A4DCC3 = {
						CreatedOnToolsVersion = 6.1.1;
						TestTargetID = C7CED04F1A86B9DA00A4DCC3;
					};
				};
			};
			buildConfigurationList = C7CED04B1A86B9DA00A4DCC3 /* Build configuration list for PBXProject "OnTheWriteTrack" */;
			compatibilityVersion = "Xcode 3.2";
			developmentRegion = English;
			hasScannedForEncodings = 0;
			knownRegions = (
				en,
				Base,
			);
			mainGroup = C7CED0471A86B9DA00A4DCC3;
			productRefGroup = C7CED0511A86B9DA00A4DCC3 /* Products */;
			projectDirPath = "";
			projectRoot = "";
			targets = (
				C7CED04F1A86B9DA00A4DCC3 /* OnTheWriteTrack */,
				C7CED06D1A86B9DA00A4DCC3 /* OnTheWriteTrackTests */,
			);
		};
/* End PBXProject section */

/* Begin PBXResourcesBuildPhase section */
		C7CED04E1A86B9DA00A4DCC3 /* Resources */ = {
			isa = PBXResourcesBuildPhase;
			buildActionMask = 2147483647;
			files = (
				C7D081871A8A312700DE5ECC /* Images.xcassets in Resources */,
				C7D081CC1A8A35E200DE5ECC /* LaunchScreen.xib in Resources */,
				C7D081901A8A31F000DE5ECC /* Default-568h@2x.png in Resources */,
			);
			runOnlyForDeploymentPostprocessing = 0;
		};
		C7CED06C1A86B9DA00A4DCC3 /* Resources */ = {
			isa = PBXResourcesBuildPhase;
			buildActionMask = 2147483647;
			files = (
				C7D081921A8A322A00DE5ECC /* Info.plist in Resources */,
			);
			runOnlyForDeploymentPostprocessing = 0;
		};
/* End PBXResourcesBuildPhase section */

/* Begin PBXSourcesBuildPhase section */
		C7CED04C1A86B9DA00A4DCC3 /* Sources */ = {
			isa = PBXSourcesBuildPhase;
			buildActionMask = 2147483647;
			files = (
				C7D081861A8A312700DE5ECC /* GameViewController.m in Sources */,
				C7D081881A8A312700DE5ECC /* main.m in Sources */,
				C7C4B8AA1A8C2C4F009FA11B /* _BaseTrackScene.m in Sources */,
				C7387B891A97E3DD0086EC94 /* Train.m in Sources */,
				C7D081821A8A312700DE5ECC /* AppDelegate.m in Sources */,
			);
			runOnlyForDeploymentPostprocessing = 0;
		};
		C7CED06A1A86B9DA00A4DCC3 /* Sources */ = {
			isa = PBXSourcesBuildPhase;
			buildActionMask = 2147483647;
			files = (
				C7387B8D1A97E4F20086EC94 /* TrainTests.m in Sources */,
				C7C4B8AD1A8C2CBF009FA11B /* _BaseTrackTests.m in Sources */,
				C7D0818E1A8A315A00DE5ECC /* TheWriteTrackTests.m in Sources */,
			);
			runOnlyForDeploymentPostprocessing = 0;
		};
/* End PBXSourcesBuildPhase section */

/* Begin PBXTargetDependency section */
		C7CED0701A86B9DA00A4DCC3 /* PBXTargetDependency */ = {
			isa = PBXTargetDependency;
			target = C7CED04F1A86B9DA00A4DCC3 /* OnTheWriteTrack */;
			targetProxy = C7CED06F1A86B9DA00A4DCC3 /* PBXContainerItemProxy */;
		};
/* End PBXTargetDependency section */

/* Begin XCBuildConfiguration section */
		C7CED0761A86B9DA00A4DCC3 /* Debug */ = {
			isa = XCBuildConfiguration;
			buildSettings = {
				ALWAYS_SEARCH_USER_PATHS = NO;
				CLANG_CXX_LANGUAGE_STANDARD = "gnu++0x";
				CLANG_CXX_LIBRARY = "libc++";
				CLANG_ENABLE_MODULES = YES;
				CLANG_ENABLE_OBJC_ARC = YES;
				CLANG_WARN_BOOL_CONVERSION = YES;
				CLANG_WARN_CONSTANT_CONVERSION = YES;
				CLANG_WARN_DIRECT_OBJC_ISA_USAGE = YES_ERROR;
				CLANG_WARN_EMPTY_BODY = YES;
				CLANG_WARN_ENUM_CONVERSION = YES;
				CLANG_WARN_INT_CONVERSION = YES;
				CLANG_WARN_OBJC_ROOT_CLASS = YES_ERROR;
				CLANG_WARN_UNREACHABLE_CODE = YES;
				CLANG_WARN__DUPLICATE_METHOD_MATCH = YES;
				"CODE_SIGN_IDENTITY[sdk=iphoneos*]" = "iPhone Developer";
				COPY_PHASE_STRIP = NO;
				ENABLE_STRICT_OBJC_MSGSEND = YES;
				GCC_C_LANGUAGE_STANDARD = gnu99;
				GCC_DYNAMIC_NO_PIC = NO;
				GCC_OPTIMIZATION_LEVEL = 0;
				GCC_PREPROCESSOR_DEFINITIONS = (
					"DEBUG=1",
					"$(inherited)",
				);
				GCC_SYMBOLS_PRIVATE_EXTERN = NO;
				GCC_WARN_64_TO_32_BIT_CONVERSION = YES;
				GCC_WARN_ABOUT_RETURN_TYPE = YES_ERROR;
				GCC_WARN_UNDECLARED_SELECTOR = YES;
				GCC_WARN_UNINITIALIZED_AUTOS = YES_AGGRESSIVE;
				GCC_WARN_UNUSED_FUNCTION = YES;
				GCC_WARN_UNUSED_VARIABLE = YES;
				IPHONEOS_DEPLOYMENT_TARGET = 8.1;
				MTL_ENABLE_DEBUG_INFO = YES;
				ONLY_ACTIVE_ARCH = YES;
				SDKROOT = iphoneos;
				TARGETED_DEVICE_FAMILY = "1,2";
			};
			name = Debug;
		};
		C7CED0771A86B9DA00A4DCC3 /* Release */ = {
			isa = XCBuildConfiguration;
			buildSettings = {
				ALWAYS_SEARCH_USER_PATHS = NO;
				CLANG_CXX_LANGUAGE_STANDARD = "gnu++0x";
				CLANG_CXX_LIBRARY = "libc++";
				CLANG_ENABLE_MODULES = YES;
				CLANG_ENABLE_OBJC_ARC = YES;
				CLANG_WARN_BOOL_CONVERSION = YES;
				CLANG_WARN_CONSTANT_CONVERSION = YES;
				CLANG_WARN_DIRECT_OBJC_ISA_USAGE = YES_ERROR;
				CLANG_WARN_EMPTY_BODY = YES;
				CLANG_WARN_ENUM_CONVERSION = YES;
				CLANG_WARN_INT_CONVERSION = YES;
				CLANG_WARN_OBJC_ROOT_CLASS = YES_ERROR;
				CLANG_WARN_UNREACHABLE_CODE = YES;
				CLANG_WARN__DUPLICATE_METHOD_MATCH = YES;
				"CODE_SIGN_IDENTITY[sdk=iphoneos*]" = "iPhone Developer";
				COPY_PHASE_STRIP = YES;
				ENABLE_NS_ASSERTIONS = NO;
				ENABLE_STRICT_OBJC_MSGSEND = YES;
				GCC_C_LANGUAGE_STANDARD = gnu99;
				GCC_WARN_64_TO_32_BIT_CONVERSION = YES;
				GCC_WARN_ABOUT_RETURN_TYPE = YES_ERROR;
				GCC_WARN_UNDECLARED_SELECTOR = YES;
				GCC_WARN_UNINITIALIZED_AUTOS = YES_AGGRESSIVE;
				GCC_WARN_UNUSED_FUNCTION = YES;
				GCC_WARN_UNUSED_VARIABLE = YES;
				IPHONEOS_DEPLOYMENT_TARGET = 8.1;
				MTL_ENABLE_DEBUG_INFO = NO;
				SDKROOT = iphoneos;
				TARGETED_DEVICE_FAMILY = "1,2";
				VALIDATE_PRODUCT = YES;
			};
			name = Release;
		};
		C7CED0791A86B9DA00A4DCC3 /* Debug */ = {
			isa = XCBuildConfiguration;
			buildSettings = {
				ASSETCATALOG_COMPILER_APPICON_NAME = AppIcon;
				INFOPLIST_FILE = TheWriteTrack/Info.plist;
				LD_RUNPATH_SEARCH_PATHS = "$(inherited) @executable_path/Frameworks";
				PRODUCT_NAME = OnTheWriteTrack;
			};
			name = Debug;
		};
		C7CED07A1A86B9DA00A4DCC3 /* Release */ = {
			isa = XCBuildConfiguration;
			buildSettings = {
				ASSETCATALOG_COMPILER_APPICON_NAME = AppIcon;
				INFOPLIST_FILE = TheWriteTrack/Info.plist;
				LD_RUNPATH_SEARCH_PATHS = "$(inherited) @executable_path/Frameworks";
				PRODUCT_NAME = OnTheWriteTrack;
			};
			name = Release;
		};
		C7CED07C1A86B9DA00A4DCC3 /* Debug */ = {
			isa = XCBuildConfiguration;
			buildSettings = {
				BUNDLE_LOADER = "$(TEST_HOST)";
				FRAMEWORK_SEARCH_PATHS = (
					"$(SDKROOT)/Developer/Library/Frameworks",
					"$(inherited)",
				);
				GCC_PREPROCESSOR_DEFINITIONS = (
					"DEBUG=1",
					"$(inherited)",
				);
				INFOPLIST_FILE = "TheWriteTrack-Tests/Info.plist";
				LD_RUNPATH_SEARCH_PATHS = "$(inherited) @executable_path/Frameworks @loader_path/Frameworks";
				PRODUCT_NAME = OnTheWriteTrackTests;
				TEST_HOST = "$(BUILT_PRODUCTS_DIR)/OnTheWriteTrack.app/OnTheWriteTrack";
			};
			name = Debug;
		};
		C7CED07D1A86B9DA00A4DCC3 /* Release */ = {
			isa = XCBuildConfiguration;
			buildSettings = {
				BUNDLE_LOADER = "$(TEST_HOST)";
				FRAMEWORK_SEARCH_PATHS = (
					"$(SDKROOT)/Developer/Library/Frameworks",
					"$(inherited)",
				);
				INFOPLIST_FILE = "TheWriteTrack-Tests/Info.plist";
				LD_RUNPATH_SEARCH_PATHS = "$(inherited) @executable_path/Frameworks @loader_path/Frameworks";
				PRODUCT_NAME = OnTheWriteTrackTests;
				TEST_HOST = "$(BUILT_PRODUCTS_DIR)/OnTheWriteTrack.app/OnTheWriteTrack";
			};
			name = Release;
		};
/* End XCBuildConfiguration section */

/* Begin XCConfigurationList section */
		C7CED04B1A86B9DA00A4DCC3 /* Build configuration list for PBXProject "OnTheWriteTrack" */ = {
			isa = XCConfigurationList;
			buildConfigurations = (
				C7CED0761A86B9DA00A4DCC3 /* Debug */,
				C7CED0771A86B9DA00A4DCC3 /* Release */,
			);
			defaultConfigurationIsVisible = 0;
			defaultConfigurationName = Release;
		};
		C7CED0781A86B9DA00A4DCC3 /* Build configuration list for PBXNativeTarget "OnTheWriteTrack" */ = {
			isa = XCConfigurationList;
			buildConfigurations = (
				C7CED0791A86B9DA00A4DCC3 /* Debug */,
				C7CED07A1A86B9DA00A4DCC3 /* Release */,
			);
			defaultConfigurationIsVisible = 0;
			defaultConfigurationName = Release;
		};
		C7CED07B1A86B9DA00A4DCC3 /* Build configuration list for PBXNativeTarget "OnTheWriteTrackTests" */ = {
			isa = XCConfigurationList;
			buildConfigurations = (
				C7CED07C1A86B9DA00A4DCC3 /* Debug */,
				C7CED07D1A86B9DA00A4DCC3 /* Release */,
			);
			defaultConfigurationIsVisible = 0;
			defaultConfigurationName = Release;
		};
/* End XCConfigurationList section */
	};
	rootObject = C7CED0481A86B9DA00A4DCC3 /* Project object */;
}
